// !$*UTF8*$!
{
	archiveVersion = 1;
	classes = {
	};
	objectVersion = 46;
	objects = {

/* Begin PBXBuildFile section */
		AF1F3FE91DF8CF6900C8A857 /* NSObject+NCAdditions.m in Sources */ = {isa = PBXBuildFile; fileRef = AF1F3FE81DF8CF6900C8A857 /* NSObject+NCAdditions.m */; };
		AF34135E1E5C0D820061F5B3 /* WebRTC.framework in Frameworks */ = {isa = PBXBuildFile; fileRef = AF1F3FEA1DFA363400C8A857 /* WebRTC.framework */; settings = {ATTRIBUTES = (Weak, ); }; };
		AF3413651E5C0D870061F5B3 /* Pods_TestWebKit.framework in Frameworks */ = {isa = PBXBuildFile; fileRef = A81735FE928A0006F26C17BA /* Pods_TestWebKit.framework */; settings = {ATTRIBUTES = (Weak, ); }; };
		AF3413671E5C0E270061F5B3 /* WebRTC.framework in CopyFiles */ = {isa = PBXBuildFile; fileRef = AF1F3FEA1DFA363400C8A857 /* WebRTC.framework */; settings = {ATTRIBUTES = (CodeSignOnCopy, RemoveHeadersOnCopy, ); }; };
		AF66CFBF1DF8AC8600C651EE /* SettingsViewController.m in Sources */ = {isa = PBXBuildFile; fileRef = AF66CFBE1DF8AC8600C651EE /* SettingsViewController.m */; };
		AF66CFC21DF8AF4700C651EE /* WebrtcSignallingController.m in Sources */ = {isa = PBXBuildFile; fileRef = AF66CFC11DF8AF4700C651EE /* WebrtcSignallingController.m */; };
		AFA6EC4D1E57FA0900A0FCD9 /* libMobileVLCKit.a in Frameworks */ = {isa = PBXBuildFile; fileRef = AFA6EC3B1E57F9EC00A0FCD9 /* libMobileVLCKit.a */; };
		AFC6C61B1E42C73000EB097D /* Settings.bundle in Resources */ = {isa = PBXBuildFile; fileRef = AFC6C61A1E42C73000EB097D /* Settings.bundle */; };
		AFE349E81DD3ED08002D2AF8 /* main.m in Sources */ = {isa = PBXBuildFile; fileRef = AFE349E71DD3ED08002D2AF8 /* main.m */; };
		AFE349EB1DD3ED08002D2AF8 /* AppDelegate.m in Sources */ = {isa = PBXBuildFile; fileRef = AFE349EA1DD3ED08002D2AF8 /* AppDelegate.m */; };
		AFE349EE1DD3ED08002D2AF8 /* ViewController.m in Sources */ = {isa = PBXBuildFile; fileRef = AFE349ED1DD3ED08002D2AF8 /* ViewController.m */; };
		AFE349F11DD3ED08002D2AF8 /* Main.storyboard in Resources */ = {isa = PBXBuildFile; fileRef = AFE349EF1DD3ED08002D2AF8 /* Main.storyboard */; };
		AFE349F31DD3ED08002D2AF8 /* Assets.xcassets in Resources */ = {isa = PBXBuildFile; fileRef = AFE349F21DD3ED08002D2AF8 /* Assets.xcassets */; };
		AFE349F61DD3ED09002D2AF8 /* LaunchScreen.storyboard in Resources */ = {isa = PBXBuildFile; fileRef = AFE349F41DD3ED08002D2AF8 /* LaunchScreen.storyboard */; };
		AFE34A011DD3ED09002D2AF8 /* TestWebKitTests.m in Sources */ = {isa = PBXBuildFile; fileRef = AFE34A001DD3ED09002D2AF8 /* TestWebKitTests.m */; };
		AFE34A0C1DD3ED09002D2AF8 /* TestWebKitUITests.m in Sources */ = {isa = PBXBuildFile; fileRef = AFE34A0B1DD3ED09002D2AF8 /* TestWebKitUITests.m */; };
		AFE34A1C1DD3EF3B002D2AF8 /* test.html in Resources */ = {isa = PBXBuildFile; fileRef = AFE34A1B1DD3EF3B002D2AF8 /* test.html */; };
		AFE34A271DD3F445002D2AF8 /* three.js in Resources */ = {isa = PBXBuildFile; fileRef = AFE34A1E1DD3F445002D2AF8 /* three.js */; };
		AFE34A281DD3F445002D2AF8 /* three.min.js in Resources */ = {isa = PBXBuildFile; fileRef = AFE34A1F1DD3F445002D2AF8 /* three.min.js */; };
		AFE34A291DD3F445002D2AF8 /* three.modules.js in Resources */ = {isa = PBXBuildFile; fileRef = AFE34A201DD3F445002D2AF8 /* three.modules.js */; };
		AFE34A2A1DD3F445002D2AF8 /* stats.min.js in Resources */ = {isa = PBXBuildFile; fileRef = AFE34A231DD3F445002D2AF8 /* stats.min.js */; };
		AFE34A2B1DD3F445002D2AF8 /* CanvasRenderer.js in Resources */ = {isa = PBXBuildFile; fileRef = AFE34A251DD3F445002D2AF8 /* CanvasRenderer.js */; };
		AFE34A2C1DD3F445002D2AF8 /* Projector.js in Resources */ = {isa = PBXBuildFile; fileRef = AFE34A261DD3F445002D2AF8 /* Projector.js */; };
		AFE34A2E1DD4FC1F002D2AF8 /* Detector.js in Resources */ = {isa = PBXBuildFile; fileRef = AFE34A2D1DD4FC1F002D2AF8 /* Detector.js */; };
		AFE34A301DD4FCC9002D2AF8 /* disc.png in Resources */ = {isa = PBXBuildFile; fileRef = AFE34A2F1DD4FCC9002D2AF8 /* disc.png */; };
		AFED5EA21E5C02C6005B18B2 /* libc++.tbd in Frameworks */ = {isa = PBXBuildFile; fileRef = AFED5EA11E5C02C6005B18B2 /* libc++.tbd */; };
		AFED5EA41E5C02DF005B18B2 /* libiconv.tbd in Frameworks */ = {isa = PBXBuildFile; fileRef = AFED5EA31E5C02DF005B18B2 /* libiconv.tbd */; };
		AFED5EA61E5C02EB005B18B2 /* libbz2.tbd in Frameworks */ = {isa = PBXBuildFile; fileRef = AFED5EA51E5C02EB005B18B2 /* libbz2.tbd */; };
		AFED5EA81E5C0332005B18B2 /* VideoToolbox.framework in Frameworks */ = {isa = PBXBuildFile; fileRef = AFED5EA71E5C0332005B18B2 /* VideoToolbox.framework */; };
/* End PBXBuildFile section */

/* Begin PBXContainerItemProxy section */
		AFA6EC3A1E57F9EC00A0FCD9 /* PBXContainerItemProxy */ = {
			isa = PBXContainerItemProxy;
			containerPortal = AFA6EC311E57F9EC00A0FCD9 /* MobileVLCKit.xcodeproj */;
			proxyType = 2;
			remoteGlobalIDString = D2AAC07E0554694100DB518D;
			remoteInfo = MobileVLCKit;
		};
		AFA6EC3C1E57F9EC00A0FCD9 /* PBXContainerItemProxy */ = {
			isa = PBXContainerItemProxy;
			containerPortal = AFA6EC311E57F9EC00A0FCD9 /* MobileVLCKit.xcodeproj */;
			proxyType = 2;
			remoteGlobalIDString = 7D8939271B500D1C008F2B14;
			remoteInfo = DynamicMobileVLCKit;
		};
		AFA6EC3E1E57F9EC00A0FCD9 /* PBXContainerItemProxy */ = {
			isa = PBXContainerItemProxy;
			containerPortal = AFA6EC311E57F9EC00A0FCD9 /* MobileVLCKit.xcodeproj */;
			proxyType = 2;
			remoteGlobalIDString = 7D89394E1B500DBC008F2B14;
			remoteInfo = StaticLibVLC;
		};
		AFA6EC401E57F9EC00A0FCD9 /* PBXContainerItemProxy */ = {
			isa = PBXContainerItemProxy;
			containerPortal = AFA6EC311E57F9EC00A0FCD9 /* MobileVLCKit.xcodeproj */;
			proxyType = 2;
			remoteGlobalIDString = 7D1329591BA304D900BE647E;
			remoteInfo = TVVLCKit;
		};
		AFA6EC421E57F9EC00A0FCD9 /* PBXContainerItemProxy */ = {
			isa = PBXContainerItemProxy;
			containerPortal = AFA6EC311E57F9EC00A0FCD9 /* MobileVLCKit.xcodeproj */;
			proxyType = 2;
			remoteGlobalIDString = 7DB6837F1C995D39000C70BE;
			remoteInfo = DynamicTVVLCKit;
		};
		AFA6EC441E57F9EC00A0FCD9 /* PBXContainerItemProxy */ = {
			isa = PBXContainerItemProxy;
			containerPortal = AFA6EC311E57F9EC00A0FCD9 /* MobileVLCKit.xcodeproj */;
			proxyType = 2;
			remoteGlobalIDString = 7DB683C61C995E9A000C70BE;
			remoteInfo = StaticTVLibvlc;
		};
		AFE349FD1DD3ED09002D2AF8 /* PBXContainerItemProxy */ = {
			isa = PBXContainerItemProxy;
			containerPortal = AFE349DB1DD3ED08002D2AF8 /* Project object */;
			proxyType = 1;
			remoteGlobalIDString = AFE349E21DD3ED08002D2AF8;
			remoteInfo = TestWebKit;
		};
		AFE34A081DD3ED09002D2AF8 /* PBXContainerItemProxy */ = {
			isa = PBXContainerItemProxy;
			containerPortal = AFE349DB1DD3ED08002D2AF8 /* Project object */;
			proxyType = 1;
			remoteGlobalIDString = AFE349E21DD3ED08002D2AF8;
			remoteInfo = TestWebKit;
		};
/* End PBXContainerItemProxy section */

/* Begin PBXCopyFilesBuildPhase section */
		AF3413661E5C0E1F0061F5B3 /* CopyFiles */ = {
			isa = PBXCopyFilesBuildPhase;
			buildActionMask = 2147483647;
			dstPath = "";
			dstSubfolderSpec = 10;
			files = (
				AF3413671E5C0E270061F5B3 /* WebRTC.framework in CopyFiles */,
			);
			runOnlyForDeploymentPostprocessing = 0;
		};
/* End PBXCopyFilesBuildPhase section */

/* Begin PBXFileReference section */
		03D4AA049680C8613A25F9A9 /* Pods-TestWebKit.debug.xcconfig */ = {isa = PBXFileReference; includeInIndex = 1; lastKnownFileType = text.xcconfig; name = "Pods-TestWebKit.debug.xcconfig"; path = "Pods/Target Support Files/Pods-TestWebKit/Pods-TestWebKit.debug.xcconfig"; sourceTree = "<group>"; };
		A81735FE928A0006F26C17BA /* Pods_TestWebKit.framework */ = {isa = PBXFileReference; explicitFileType = wrapper.framework; includeInIndex = 0; path = Pods_TestWebKit.framework; sourceTree = BUILT_PRODUCTS_DIR; };
		AF1F3FE71DF8CF6900C8A857 /* NSObject+NCAdditions.h */ = {isa = PBXFileReference; fileEncoding = 4; lastKnownFileType = sourcecode.c.h; path = "NSObject+NCAdditions.h"; sourceTree = "<group>"; };
		AF1F3FE81DF8CF6900C8A857 /* NSObject+NCAdditions.m */ = {isa = PBXFileReference; fileEncoding = 4; lastKnownFileType = sourcecode.c.objc; path = "NSObject+NCAdditions.m"; sourceTree = "<group>"; };
		AF1F3FEA1DFA363400C8A857 /* WebRTC.framework */ = {isa = PBXFileReference; lastKnownFileType = wrapper.framework; name = WebRTC.framework; path = "../ndnrtc-thirdparty/webrtc-ios/src/out/ios_release/WebRTC.framework"; sourceTree = "<group>"; };
		AF66CFBD1DF8AC8600C651EE /* SettingsViewController.h */ = {isa = PBXFileReference; fileEncoding = 4; lastKnownFileType = sourcecode.c.h; path = SettingsViewController.h; sourceTree = "<group>"; };
		AF66CFBE1DF8AC8600C651EE /* SettingsViewController.m */ = {isa = PBXFileReference; fileEncoding = 4; lastKnownFileType = sourcecode.c.objc; path = SettingsViewController.m; sourceTree = "<group>"; };
		AF66CFC01DF8AF4700C651EE /* WebrtcSignallingController.h */ = {isa = PBXFileReference; fileEncoding = 4; lastKnownFileType = sourcecode.c.h; path = WebrtcSignallingController.h; sourceTree = "<group>"; };
		AF66CFC11DF8AF4700C651EE /* WebrtcSignallingController.m */ = {isa = PBXFileReference; fileEncoding = 4; lastKnownFileType = sourcecode.c.objc; path = WebrtcSignallingController.m; sourceTree = "<group>"; };
		AFA6EC311E57F9EC00A0FCD9 /* MobileVLCKit.xcodeproj */ = {isa = PBXFileReference; lastKnownFileType = "wrapper.pb-project"; name = MobileVLCKit.xcodeproj; path = ../VLCKit/MobileVLCKit.xcodeproj; sourceTree = "<group>"; };
		AFC6C61A1E42C73000EB097D /* Settings.bundle */ = {isa = PBXFileReference; lastKnownFileType = "wrapper.plug-in"; path = Settings.bundle; sourceTree = "<group>"; };
		AFE349E31DD3ED08002D2AF8 /* TestWebKit.app */ = {isa = PBXFileReference; explicitFileType = wrapper.application; includeInIndex = 0; path = TestWebKit.app; sourceTree = BUILT_PRODUCTS_DIR; };
		AFE349E71DD3ED08002D2AF8 /* main.m */ = {isa = PBXFileReference; lastKnownFileType = sourcecode.c.objc; path = main.m; sourceTree = "<group>"; };
		AFE349E91DD3ED08002D2AF8 /* AppDelegate.h */ = {isa = PBXFileReference; lastKnownFileType = sourcecode.c.h; path = AppDelegate.h; sourceTree = "<group>"; };
		AFE349EA1DD3ED08002D2AF8 /* AppDelegate.m */ = {isa = PBXFileReference; lastKnownFileType = sourcecode.c.objc; path = AppDelegate.m; sourceTree = "<group>"; };
		AFE349EC1DD3ED08002D2AF8 /* ViewController.h */ = {isa = PBXFileReference; lastKnownFileType = sourcecode.c.h; path = ViewController.h; sourceTree = "<group>"; };
		AFE349ED1DD3ED08002D2AF8 /* ViewController.m */ = {isa = PBXFileReference; lastKnownFileType = sourcecode.c.objc; path = ViewController.m; sourceTree = "<group>"; };
		AFE349F01DD3ED08002D2AF8 /* Base */ = {isa = PBXFileReference; lastKnownFileType = file.storyboard; name = Base; path = Base.lproj/Main.storyboard; sourceTree = "<group>"; };
		AFE349F21DD3ED08002D2AF8 /* Assets.xcassets */ = {isa = PBXFileReference; lastKnownFileType = folder.assetcatalog; path = Assets.xcassets; sourceTree = "<group>"; };
		AFE349F51DD3ED08002D2AF8 /* Base */ = {isa = PBXFileReference; lastKnownFileType = file.storyboard; name = Base; path = Base.lproj/LaunchScreen.storyboard; sourceTree = "<group>"; };
		AFE349F71DD3ED09002D2AF8 /* Info.plist */ = {isa = PBXFileReference; lastKnownFileType = text.plist.xml; path = Info.plist; sourceTree = "<group>"; };
		AFE349FC1DD3ED09002D2AF8 /* TestWebKitTests.xctest */ = {isa = PBXFileReference; explicitFileType = wrapper.cfbundle; includeInIndex = 0; path = TestWebKitTests.xctest; sourceTree = BUILT_PRODUCTS_DIR; };
		AFE34A001DD3ED09002D2AF8 /* TestWebKitTests.m */ = {isa = PBXFileReference; lastKnownFileType = sourcecode.c.objc; path = TestWebKitTests.m; sourceTree = "<group>"; };
		AFE34A021DD3ED09002D2AF8 /* Info.plist */ = {isa = PBXFileReference; lastKnownFileType = text.plist.xml; path = Info.plist; sourceTree = "<group>"; };
		AFE34A071DD3ED09002D2AF8 /* TestWebKitUITests.xctest */ = {isa = PBXFileReference; explicitFileType = wrapper.cfbundle; includeInIndex = 0; path = TestWebKitUITests.xctest; sourceTree = BUILT_PRODUCTS_DIR; };
		AFE34A0B1DD3ED09002D2AF8 /* TestWebKitUITests.m */ = {isa = PBXFileReference; lastKnownFileType = sourcecode.c.objc; path = TestWebKitUITests.m; sourceTree = "<group>"; };
		AFE34A0D1DD3ED09002D2AF8 /* Info.plist */ = {isa = PBXFileReference; lastKnownFileType = text.plist.xml; path = Info.plist; sourceTree = "<group>"; };
		AFE34A1B1DD3EF3B002D2AF8 /* test.html */ = {isa = PBXFileReference; fileEncoding = 4; lastKnownFileType = text.html; path = test.html; sourceTree = "<group>"; };
		AFE34A1E1DD3F445002D2AF8 /* three.js */ = {isa = PBXFileReference; fileEncoding = 4; lastKnownFileType = sourcecode.javascript; path = three.js; sourceTree = "<group>"; };
		AFE34A1F1DD3F445002D2AF8 /* three.min.js */ = {isa = PBXFileReference; fileEncoding = 4; lastKnownFileType = sourcecode.javascript; path = three.min.js; sourceTree = "<group>"; };
		AFE34A201DD3F445002D2AF8 /* three.modules.js */ = {isa = PBXFileReference; fileEncoding = 4; lastKnownFileType = sourcecode.javascript; path = three.modules.js; sourceTree = "<group>"; };
		AFE34A231DD3F445002D2AF8 /* stats.min.js */ = {isa = PBXFileReference; fileEncoding = 4; lastKnownFileType = sourcecode.javascript; path = stats.min.js; sourceTree = "<group>"; };
		AFE34A251DD3F445002D2AF8 /* CanvasRenderer.js */ = {isa = PBXFileReference; fileEncoding = 4; lastKnownFileType = sourcecode.javascript; path = CanvasRenderer.js; sourceTree = "<group>"; };
		AFE34A261DD3F445002D2AF8 /* Projector.js */ = {isa = PBXFileReference; fileEncoding = 4; lastKnownFileType = sourcecode.javascript; path = Projector.js; sourceTree = "<group>"; };
		AFE34A2D1DD4FC1F002D2AF8 /* Detector.js */ = {isa = PBXFileReference; fileEncoding = 4; lastKnownFileType = sourcecode.javascript; path = Detector.js; sourceTree = "<group>"; };
		AFE34A2F1DD4FCC9002D2AF8 /* disc.png */ = {isa = PBXFileReference; lastKnownFileType = image.png; path = disc.png; sourceTree = "<group>"; };
		AFED5EA11E5C02C6005B18B2 /* libc++.tbd */ = {isa = PBXFileReference; lastKnownFileType = "sourcecode.text-based-dylib-definition"; name = "libc++.tbd"; path = "usr/lib/libc++.tbd"; sourceTree = SDKROOT; };
		AFED5EA31E5C02DF005B18B2 /* libiconv.tbd */ = {isa = PBXFileReference; lastKnownFileType = "sourcecode.text-based-dylib-definition"; name = libiconv.tbd; path = usr/lib/libiconv.tbd; sourceTree = SDKROOT; };
		AFED5EA51E5C02EB005B18B2 /* libbz2.tbd */ = {isa = PBXFileReference; lastKnownFileType = "sourcecode.text-based-dylib-definition"; name = libbz2.tbd; path = usr/lib/libbz2.tbd; sourceTree = SDKROOT; };
		AFED5EA71E5C0332005B18B2 /* VideoToolbox.framework */ = {isa = PBXFileReference; lastKnownFileType = wrapper.framework; name = VideoToolbox.framework; path = System/Library/Frameworks/VideoToolbox.framework; sourceTree = SDKROOT; };
		DBF82CEA0B9C5D7BE8D15EDA /* Pods-TestWebKit.release.xcconfig */ = {isa = PBXFileReference; includeInIndex = 1; lastKnownFileType = text.xcconfig; name = "Pods-TestWebKit.release.xcconfig"; path = "Pods/Target Support Files/Pods-TestWebKit/Pods-TestWebKit.release.xcconfig"; sourceTree = "<group>"; };
/* End PBXFileReference section */

/* Begin PBXFrameworksBuildPhase section */
		AFE349E01DD3ED08002D2AF8 /* Frameworks */ = {
			isa = PBXFrameworksBuildPhase;
			buildActionMask = 2147483647;
			files = (
				AF3413651E5C0D870061F5B3 /* Pods_TestWebKit.framework in Frameworks */,
				AF34135E1E5C0D820061F5B3 /* WebRTC.framework in Frameworks */,
				AFED5EA81E5C0332005B18B2 /* VideoToolbox.framework in Frameworks */,
				AFED5EA61E5C02EB005B18B2 /* libbz2.tbd in Frameworks */,
				AFED5EA41E5C02DF005B18B2 /* libiconv.tbd in Frameworks */,
				AFED5EA21E5C02C6005B18B2 /* libc++.tbd in Frameworks */,
				AFA6EC4D1E57FA0900A0FCD9 /* libMobileVLCKit.a in Frameworks */,
			);
			runOnlyForDeploymentPostprocessing = 0;
		};
		AFE349F91DD3ED09002D2AF8 /* Frameworks */ = {
			isa = PBXFrameworksBuildPhase;
			buildActionMask = 2147483647;
			files = (
			);
			runOnlyForDeploymentPostprocessing = 0;
		};
		AFE34A041DD3ED09002D2AF8 /* Frameworks */ = {
			isa = PBXFrameworksBuildPhase;
			buildActionMask = 2147483647;
			files = (
			);
			runOnlyForDeploymentPostprocessing = 0;
		};
/* End PBXFrameworksBuildPhase section */

/* Begin PBXGroup section */
		AF1972421DEE04A20046209D /* Frameworks */ = {
			isa = PBXGroup;
			children = (
				AFED5EA71E5C0332005B18B2 /* VideoToolbox.framework */,
				AFED5EA51E5C02EB005B18B2 /* libbz2.tbd */,
				AFED5EA31E5C02DF005B18B2 /* libiconv.tbd */,
				AFED5EA11E5C02C6005B18B2 /* libc++.tbd */,
				AFA6EC311E57F9EC00A0FCD9 /* MobileVLCKit.xcodeproj */,
				AF1F3FEA1DFA363400C8A857 /* WebRTC.framework */,
				A81735FE928A0006F26C17BA /* Pods_TestWebKit.framework */,
			);
			name = Frameworks;
			sourceTree = "<group>";
		};
		AFA6EC321E57F9EC00A0FCD9 /* Products */ = {
			isa = PBXGroup;
			children = (
				AFA6EC3B1E57F9EC00A0FCD9 /* libMobileVLCKit.a */,
				AFA6EC3D1E57F9EC00A0FCD9 /* DynamicMobileVLCKit.framework */,
				AFA6EC3F1E57F9EC00A0FCD9 /* libStaticLibVLC.a */,
				AFA6EC411E57F9EC00A0FCD9 /* libTVVLCKit.a */,
				AFA6EC431E57F9EC00A0FCD9 /* DynamicTVVLCKit.framework */,
				AFA6EC451E57F9EC00A0FCD9 /* libStaticTVLibvlc.a */,
			);
			name = Products;
			sourceTree = "<group>";
		};
		AFE349DA1DD3ED08002D2AF8 = {
			isa = PBXGroup;
			children = (
				AF1972421DEE04A20046209D /* Frameworks */,
				AFE349E51DD3ED08002D2AF8 /* TestWebKit */,
				AFE349FF1DD3ED09002D2AF8 /* TestWebKitTests */,
				AFE34A0A1DD3ED09002D2AF8 /* TestWebKitUITests */,
				AFE349E41DD3ED08002D2AF8 /* Products */,
				E4E75DB555AD5EFC04BC6BF9 /* Pods */,
			);
			sourceTree = "<group>";
		};
		AFE349E41DD3ED08002D2AF8 /* Products */ = {
			isa = PBXGroup;
			children = (
				AFE349E31DD3ED08002D2AF8 /* TestWebKit.app */,
				AFE349FC1DD3ED09002D2AF8 /* TestWebKitTests.xctest */,
				AFE34A071DD3ED09002D2AF8 /* TestWebKitUITests.xctest */,
			);
			name = Products;
			sourceTree = "<group>";
		};
		AFE349E51DD3ED08002D2AF8 /* TestWebKit */ = {
			isa = PBXGroup;
			children = (
				AF1F3FE71DF8CF6900C8A857 /* NSObject+NCAdditions.h */,
				AF1F3FE81DF8CF6900C8A857 /* NSObject+NCAdditions.m */,
				AFE349E91DD3ED08002D2AF8 /* AppDelegate.h */,
				AFE349EA1DD3ED08002D2AF8 /* AppDelegate.m */,
				AFE349EC1DD3ED08002D2AF8 /* ViewController.h */,
				AFE349ED1DD3ED08002D2AF8 /* ViewController.m */,
				AFE349EF1DD3ED08002D2AF8 /* Main.storyboard */,
				AFE349F21DD3ED08002D2AF8 /* Assets.xcassets */,
				AFE349F41DD3ED08002D2AF8 /* LaunchScreen.storyboard */,
				AFE349F71DD3ED09002D2AF8 /* Info.plist */,
				AFE349E61DD3ED08002D2AF8 /* Supporting Files */,
				AF66CFBD1DF8AC8600C651EE /* SettingsViewController.h */,
				AF66CFBE1DF8AC8600C651EE /* SettingsViewController.m */,
				AF66CFC01DF8AF4700C651EE /* WebrtcSignallingController.h */,
				AF66CFC11DF8AF4700C651EE /* WebrtcSignallingController.m */,
			);
			path = TestWebKit;
			sourceTree = "<group>";
		};
		AFE349E61DD3ED08002D2AF8 /* Supporting Files */ = {
			isa = PBXGroup;
			children = (
				AFC6C61A1E42C73000EB097D /* Settings.bundle */,
				AFE34A2F1DD4FCC9002D2AF8 /* disc.png */,
				AFE34A1D1DD3F445002D2AF8 /* build */,
				AFE34A211DD3F445002D2AF8 /* js */,
				AFE349E71DD3ED08002D2AF8 /* main.m */,
				AFE34A1B1DD3EF3B002D2AF8 /* test.html */,
			);
			name = "Supporting Files";
			sourceTree = "<group>";
		};
		AFE349FF1DD3ED09002D2AF8 /* TestWebKitTests */ = {
			isa = PBXGroup;
			children = (
				AFE34A001DD3ED09002D2AF8 /* TestWebKitTests.m */,
				AFE34A021DD3ED09002D2AF8 /* Info.plist */,
			);
			path = TestWebKitTests;
			sourceTree = "<group>";
		};
		AFE34A0A1DD3ED09002D2AF8 /* TestWebKitUITests */ = {
			isa = PBXGroup;
			children = (
				AFE34A0B1DD3ED09002D2AF8 /* TestWebKitUITests.m */,
				AFE34A0D1DD3ED09002D2AF8 /* Info.plist */,
			);
			path = TestWebKitUITests;
			sourceTree = "<group>";
		};
		AFE34A1D1DD3F445002D2AF8 /* build */ = {
			isa = PBXGroup;
			children = (
				AFE34A1E1DD3F445002D2AF8 /* three.js */,
				AFE34A1F1DD3F445002D2AF8 /* three.min.js */,
				AFE34A201DD3F445002D2AF8 /* three.modules.js */,
			);
			path = build;
			sourceTree = "<group>";
		};
		AFE34A211DD3F445002D2AF8 /* js */ = {
			isa = PBXGroup;
			children = (
				AFE34A2D1DD4FC1F002D2AF8 /* Detector.js */,
				AFE34A221DD3F445002D2AF8 /* libs */,
				AFE34A241DD3F445002D2AF8 /* renderers */,
			);
			path = js;
			sourceTree = "<group>";
		};
		AFE34A221DD3F445002D2AF8 /* libs */ = {
			isa = PBXGroup;
			children = (
				AFE34A231DD3F445002D2AF8 /* stats.min.js */,
			);
			path = libs;
			sourceTree = "<group>";
		};
		AFE34A241DD3F445002D2AF8 /* renderers */ = {
			isa = PBXGroup;
			children = (
				AFE34A251DD3F445002D2AF8 /* CanvasRenderer.js */,
				AFE34A261DD3F445002D2AF8 /* Projector.js */,
			);
			path = renderers;
			sourceTree = "<group>";
		};
		E4E75DB555AD5EFC04BC6BF9 /* Pods */ = {
			isa = PBXGroup;
			children = (
				03D4AA049680C8613A25F9A9 /* Pods-TestWebKit.debug.xcconfig */,
				DBF82CEA0B9C5D7BE8D15EDA /* Pods-TestWebKit.release.xcconfig */,
			);
			name = Pods;
			sourceTree = "<group>";
		};
/* End PBXGroup section */

/* Begin PBXNativeTarget section */
		AFE349E21DD3ED08002D2AF8 /* TestWebKit */ = {
			isa = PBXNativeTarget;
			buildConfigurationList = AFE34A101DD3ED09002D2AF8 /* Build configuration list for PBXNativeTarget "TestWebKit" */;
			buildPhases = (
				01ADE7399231475A33776845 /* [CP] Check Pods Manifest.lock */,
				AFE349DF1DD3ED08002D2AF8 /* Sources */,
				AFE349E01DD3ED08002D2AF8 /* Frameworks */,
				AFE349E11DD3ED08002D2AF8 /* Resources */,
				287240202CA1C128D923DC6E /* [CP] Embed Pods Frameworks */,
				3EF6C2BAD02961B0CDE655D1 /* [CP] Copy Pods Resources */,
				AF3413661E5C0E1F0061F5B3 /* CopyFiles */,
			);
			buildRules = (
			);
			dependencies = (
			);
			name = TestWebKit;
			productName = TestWebKit;
			productReference = AFE349E31DD3ED08002D2AF8 /* TestWebKit.app */;
			productType = "com.apple.product-type.application";
		};
		AFE349FB1DD3ED09002D2AF8 /* TestWebKitTests */ = {
			isa = PBXNativeTarget;
			buildConfigurationList = AFE34A131DD3ED09002D2AF8 /* Build configuration list for PBXNativeTarget "TestWebKitTests" */;
			buildPhases = (
				AFE349F81DD3ED09002D2AF8 /* Sources */,
				AFE349F91DD3ED09002D2AF8 /* Frameworks */,
				AFE349FA1DD3ED09002D2AF8 /* Resources */,
			);
			buildRules = (
			);
			dependencies = (
				AFE349FE1DD3ED09002D2AF8 /* PBXTargetDependency */,
			);
			name = TestWebKitTests;
			productName = TestWebKitTests;
			productReference = AFE349FC1DD3ED09002D2AF8 /* TestWebKitTests.xctest */;
			productType = "com.apple.product-type.bundle.unit-test";
		};
		AFE34A061DD3ED09002D2AF8 /* TestWebKitUITests */ = {
			isa = PBXNativeTarget;
			buildConfigurationList = AFE34A161DD3ED09002D2AF8 /* Build configuration list for PBXNativeTarget "TestWebKitUITests" */;
			buildPhases = (
				AFE34A031DD3ED09002D2AF8 /* Sources */,
				AFE34A041DD3ED09002D2AF8 /* Frameworks */,
				AFE34A051DD3ED09002D2AF8 /* Resources */,
			);
			buildRules = (
			);
			dependencies = (
				AFE34A091DD3ED09002D2AF8 /* PBXTargetDependency */,
			);
			name = TestWebKitUITests;
			productName = TestWebKitUITests;
			productReference = AFE34A071DD3ED09002D2AF8 /* TestWebKitUITests.xctest */;
			productType = "com.apple.product-type.bundle.ui-testing";
		};
/* End PBXNativeTarget section */

/* Begin PBXProject section */
		AFE349DB1DD3ED08002D2AF8 /* Project object */ = {
			isa = PBXProject;
			attributes = {
				LastUpgradeCheck = 0810;
				ORGANIZATIONNAME = "Peter Gusev";
				TargetAttributes = {
					AFE349E21DD3ED08002D2AF8 = {
						CreatedOnToolsVersion = 8.1;
						DevelopmentTeam = SC33BJMPXV;
						ProvisioningStyle = Automatic;
					};
					AFE349FB1DD3ED09002D2AF8 = {
						CreatedOnToolsVersion = 8.1;
						DevelopmentTeam = 6KW3GER39A;
						ProvisioningStyle = Automatic;
						TestTargetID = AFE349E21DD3ED08002D2AF8;
					};
					AFE34A061DD3ED09002D2AF8 = {
						CreatedOnToolsVersion = 8.1;
						DevelopmentTeam = 6KW3GER39A;
						ProvisioningStyle = Automatic;
						TestTargetID = AFE349E21DD3ED08002D2AF8;
					};
				};
			};
			buildConfigurationList = AFE349DE1DD3ED08002D2AF8 /* Build configuration list for PBXProject "TestWebKit" */;
			compatibilityVersion = "Xcode 3.2";
			developmentRegion = English;
			hasScannedForEncodings = 0;
			knownRegions = (
				en,
				Base,
			);
			mainGroup = AFE349DA1DD3ED08002D2AF8;
			productRefGroup = AFE349E41DD3ED08002D2AF8 /* Products */;
			projectDirPath = "";
			projectReferences = (
				{
					ProductGroup = AFA6EC321E57F9EC00A0FCD9 /* Products */;
					ProjectRef = AFA6EC311E57F9EC00A0FCD9 /* MobileVLCKit.xcodeproj */;
				},
			);
			projectRoot = "";
			targets = (
				AFE349E21DD3ED08002D2AF8 /* TestWebKit */,
				AFE349FB1DD3ED09002D2AF8 /* TestWebKitTests */,
				AFE34A061DD3ED09002D2AF8 /* TestWebKitUITests */,
			);
		};
/* End PBXProject section */

/* Begin PBXReferenceProxy section */
		AFA6EC3B1E57F9EC00A0FCD9 /* libMobileVLCKit.a */ = {
			isa = PBXReferenceProxy;
			fileType = archive.ar;
			path = libMobileVLCKit.a;
			remoteRef = AFA6EC3A1E57F9EC00A0FCD9 /* PBXContainerItemProxy */;
			sourceTree = BUILT_PRODUCTS_DIR;
		};
		AFA6EC3D1E57F9EC00A0FCD9 /* DynamicMobileVLCKit.framework */ = {
			isa = PBXReferenceProxy;
			fileType = wrapper.framework;
			path = DynamicMobileVLCKit.framework;
			remoteRef = AFA6EC3C1E57F9EC00A0FCD9 /* PBXContainerItemProxy */;
			sourceTree = BUILT_PRODUCTS_DIR;
		};
		AFA6EC3F1E57F9EC00A0FCD9 /* libStaticLibVLC.a */ = {
			isa = PBXReferenceProxy;
			fileType = archive.ar;
			path = libStaticLibVLC.a;
			remoteRef = AFA6EC3E1E57F9EC00A0FCD9 /* PBXContainerItemProxy */;
			sourceTree = BUILT_PRODUCTS_DIR;
		};
		AFA6EC411E57F9EC00A0FCD9 /* libTVVLCKit.a */ = {
			isa = PBXReferenceProxy;
			fileType = archive.ar;
			path = libTVVLCKit.a;
			remoteRef = AFA6EC401E57F9EC00A0FCD9 /* PBXContainerItemProxy */;
			sourceTree = BUILT_PRODUCTS_DIR;
		};
		AFA6EC431E57F9EC00A0FCD9 /* DynamicTVVLCKit.framework */ = {
			isa = PBXReferenceProxy;
			fileType = wrapper.framework;
			path = DynamicTVVLCKit.framework;
			remoteRef = AFA6EC421E57F9EC00A0FCD9 /* PBXContainerItemProxy */;
			sourceTree = BUILT_PRODUCTS_DIR;
		};
		AFA6EC451E57F9EC00A0FCD9 /* libStaticTVLibvlc.a */ = {
			isa = PBXReferenceProxy;
			fileType = archive.ar;
			path = libStaticTVLibvlc.a;
			remoteRef = AFA6EC441E57F9EC00A0FCD9 /* PBXContainerItemProxy */;
			sourceTree = BUILT_PRODUCTS_DIR;
		};
/* End PBXReferenceProxy section */

/* Begin PBXResourcesBuildPhase section */
		AFE349E11DD3ED08002D2AF8 /* Resources */ = {
			isa = PBXResourcesBuildPhase;
			buildActionMask = 2147483647;
			files = (
				AFE349F61DD3ED09002D2AF8 /* LaunchScreen.storyboard in Resources */,
				AFE34A2C1DD3F445002D2AF8 /* Projector.js in Resources */,
				AFC6C61B1E42C73000EB097D /* Settings.bundle in Resources */,
				AFE349F31DD3ED08002D2AF8 /* Assets.xcassets in Resources */,
				AFE34A291DD3F445002D2AF8 /* three.modules.js in Resources */,
				AFE34A2B1DD3F445002D2AF8 /* CanvasRenderer.js in Resources */,
				AFE349F11DD3ED08002D2AF8 /* Main.storyboard in Resources */,
				AFE34A2A1DD3F445002D2AF8 /* stats.min.js in Resources */,
				AFE34A1C1DD3EF3B002D2AF8 /* test.html in Resources */,
				AFE34A2E1DD4FC1F002D2AF8 /* Detector.js in Resources */,
				AFE34A281DD3F445002D2AF8 /* three.min.js in Resources */,
				AFE34A301DD4FCC9002D2AF8 /* disc.png in Resources */,
				AFE34A271DD3F445002D2AF8 /* three.js in Resources */,
			);
			runOnlyForDeploymentPostprocessing = 0;
		};
		AFE349FA1DD3ED09002D2AF8 /* Resources */ = {
			isa = PBXResourcesBuildPhase;
			buildActionMask = 2147483647;
			files = (
			);
			runOnlyForDeploymentPostprocessing = 0;
		};
		AFE34A051DD3ED09002D2AF8 /* Resources */ = {
			isa = PBXResourcesBuildPhase;
			buildActionMask = 2147483647;
			files = (
			);
			runOnlyForDeploymentPostprocessing = 0;
		};
/* End PBXResourcesBuildPhase section */

/* Begin PBXShellScriptBuildPhase section */
		01ADE7399231475A33776845 /* [CP] Check Pods Manifest.lock */ = {
			isa = PBXShellScriptBuildPhase;
			buildActionMask = 2147483647;
			files = (
			);
			inputPaths = (
			);
			name = "[CP] Check Pods Manifest.lock";
			outputPaths = (
			);
			runOnlyForDeploymentPostprocessing = 0;
			shellPath = /bin/sh;
			shellScript = "diff \"${PODS_ROOT}/../Podfile.lock\" \"${PODS_ROOT}/Manifest.lock\" > /dev/null\nif [ $? != 0 ] ; then\n    # print error to STDERR\n    echo \"error: The sandbox is not in sync with the Podfile.lock. Run 'pod install' or update your CocoaPods installation.\" >&2\n    exit 1\nfi\n";
			showEnvVarsInLog = 0;
		};
		287240202CA1C128D923DC6E /* [CP] Embed Pods Frameworks */ = {
			isa = PBXShellScriptBuildPhase;
			buildActionMask = 2147483647;
			files = (
			);
			inputPaths = (
			);
			name = "[CP] Embed Pods Frameworks";
			outputPaths = (
			);
			runOnlyForDeploymentPostprocessing = 0;
			shellPath = /bin/sh;
			shellScript = "\"${SRCROOT}/Pods/Target Support Files/Pods-TestWebKit/Pods-TestWebKit-frameworks.sh\"\n";
			showEnvVarsInLog = 0;
		};
		3EF6C2BAD02961B0CDE655D1 /* [CP] Copy Pods Resources */ = {
			isa = PBXShellScriptBuildPhase;
			buildActionMask = 2147483647;
			files = (
			);
			inputPaths = (
			);
			name = "[CP] Copy Pods Resources";
			outputPaths = (
			);
			runOnlyForDeploymentPostprocessing = 0;
			shellPath = /bin/sh;
			shellScript = "\"${SRCROOT}/Pods/Target Support Files/Pods-TestWebKit/Pods-TestWebKit-resources.sh\"\n";
			showEnvVarsInLog = 0;
		};
/* End PBXShellScriptBuildPhase section */

/* Begin PBXSourcesBuildPhase section */
		AFE349DF1DD3ED08002D2AF8 /* Sources */ = {
			isa = PBXSourcesBuildPhase;
			buildActionMask = 2147483647;
			files = (
				AF1F3FE91DF8CF6900C8A857 /* NSObject+NCAdditions.m in Sources */,
				AFE349EE1DD3ED08002D2AF8 /* ViewController.m in Sources */,
				AFE349EB1DD3ED08002D2AF8 /* AppDelegate.m in Sources */,
				AFE349E81DD3ED08002D2AF8 /* main.m in Sources */,
				AF66CFBF1DF8AC8600C651EE /* SettingsViewController.m in Sources */,
				AF66CFC21DF8AF4700C651EE /* WebrtcSignallingController.m in Sources */,
			);
			runOnlyForDeploymentPostprocessing = 0;
		};
		AFE349F81DD3ED09002D2AF8 /* Sources */ = {
			isa = PBXSourcesBuildPhase;
			buildActionMask = 2147483647;
			files = (
				AFE34A011DD3ED09002D2AF8 /* TestWebKitTests.m in Sources */,
			);
			runOnlyForDeploymentPostprocessing = 0;
		};
		AFE34A031DD3ED09002D2AF8 /* Sources */ = {
			isa = PBXSourcesBuildPhase;
			buildActionMask = 2147483647;
			files = (
				AFE34A0C1DD3ED09002D2AF8 /* TestWebKitUITests.m in Sources */,
			);
			runOnlyForDeploymentPostprocessing = 0;
		};
/* End PBXSourcesBuildPhase section */

/* Begin PBXTargetDependency section */
		AFE349FE1DD3ED09002D2AF8 /* PBXTargetDependency */ = {
			isa = PBXTargetDependency;
			target = AFE349E21DD3ED08002D2AF8 /* TestWebKit */;
			targetProxy = AFE349FD1DD3ED09002D2AF8 /* PBXContainerItemProxy */;
		};
		AFE34A091DD3ED09002D2AF8 /* PBXTargetDependency */ = {
			isa = PBXTargetDependency;
			target = AFE349E21DD3ED08002D2AF8 /* TestWebKit */;
			targetProxy = AFE34A081DD3ED09002D2AF8 /* PBXContainerItemProxy */;
		};
/* End PBXTargetDependency section */

/* Begin PBXVariantGroup section */
		AFE349EF1DD3ED08002D2AF8 /* Main.storyboard */ = {
			isa = PBXVariantGroup;
			children = (
				AFE349F01DD3ED08002D2AF8 /* Base */,
			);
			name = Main.storyboard;
			sourceTree = "<group>";
		};
		AFE349F41DD3ED08002D2AF8 /* LaunchScreen.storyboard */ = {
			isa = PBXVariantGroup;
			children = (
				AFE349F51DD3ED08002D2AF8 /* Base */,
			);
			name = LaunchScreen.storyboard;
			sourceTree = "<group>";
		};
/* End PBXVariantGroup section */

/* Begin XCBuildConfiguration section */
		AFE34A0E1DD3ED09002D2AF8 /* Debug */ = {
			isa = XCBuildConfiguration;
			buildSettings = {
				ALWAYS_SEARCH_USER_PATHS = NO;
				CLANG_ANALYZER_NONNULL = YES;
				CLANG_CXX_LIBRARY = "libstdc++";
				CLANG_ENABLE_MODULES = YES;
				CLANG_ENABLE_OBJC_ARC = YES;
				CLANG_WARN_BOOL_CONVERSION = YES;
				CLANG_WARN_CONSTANT_CONVERSION = YES;
				CLANG_WARN_DIRECT_OBJC_ISA_USAGE = YES_ERROR;
				CLANG_WARN_DOCUMENTATION_COMMENTS = YES;
				CLANG_WARN_EMPTY_BODY = YES;
				CLANG_WARN_ENUM_CONVERSION = YES;
				CLANG_WARN_INFINITE_RECURSION = YES;
				CLANG_WARN_INT_CONVERSION = YES;
				CLANG_WARN_OBJC_ROOT_CLASS = YES_ERROR;
				CLANG_WARN_SUSPICIOUS_MOVES = YES;
				CLANG_WARN_UNREACHABLE_CODE = YES;
				CLANG_WARN__DUPLICATE_METHOD_MATCH = YES;
				"CODE_SIGN_IDENTITY[sdk=iphoneos*]" = "iPhone Developer";
				COPY_PHASE_STRIP = NO;
				DEBUG_INFORMATION_FORMAT = dwarf;
				ENABLE_STRICT_OBJC_MSGSEND = YES;
				ENABLE_TESTABILITY = YES;
				GCC_C_LANGUAGE_STANDARD = gnu99;
				GCC_DYNAMIC_NO_PIC = NO;
				GCC_NO_COMMON_BLOCKS = YES;
				GCC_OPTIMIZATION_LEVEL = 0;
				GCC_PREPROCESSOR_DEFINITIONS = (
					"DEBUG=1",
					"$(inherited)",
				);
				GCC_WARN_64_TO_32_BIT_CONVERSION = YES;
				GCC_WARN_ABOUT_RETURN_TYPE = YES_ERROR;
				GCC_WARN_UNDECLARED_SELECTOR = YES;
				GCC_WARN_UNINITIALIZED_AUTOS = YES_AGGRESSIVE;
				GCC_WARN_UNUSED_FUNCTION = YES;
				GCC_WARN_UNUSED_VARIABLE = YES;
				IPHONEOS_DEPLOYMENT_TARGET = 10.1;
				MTL_ENABLE_DEBUG_INFO = YES;
				ONLY_ACTIVE_ARCH = YES;
				SDKROOT = iphoneos;
				TARGETED_DEVICE_FAMILY = "1,2";
			};
			name = Debug;
		};
		AFE34A0F1DD3ED09002D2AF8 /* Release */ = {
			isa = XCBuildConfiguration;
			buildSettings = {
				ALWAYS_SEARCH_USER_PATHS = NO;
				CLANG_ANALYZER_NONNULL = YES;
				CLANG_CXX_LIBRARY = "libstdc++";
				CLANG_ENABLE_MODULES = YES;
				CLANG_ENABLE_OBJC_ARC = YES;
				CLANG_WARN_BOOL_CONVERSION = YES;
				CLANG_WARN_CONSTANT_CONVERSION = YES;
				CLANG_WARN_DIRECT_OBJC_ISA_USAGE = YES_ERROR;
				CLANG_WARN_DOCUMENTATION_COMMENTS = YES;
				CLANG_WARN_EMPTY_BODY = YES;
				CLANG_WARN_ENUM_CONVERSION = YES;
				CLANG_WARN_INFINITE_RECURSION = YES;
				CLANG_WARN_INT_CONVERSION = YES;
				CLANG_WARN_OBJC_ROOT_CLASS = YES_ERROR;
				CLANG_WARN_SUSPICIOUS_MOVES = YES;
				CLANG_WARN_UNREACHABLE_CODE = YES;
				CLANG_WARN__DUPLICATE_METHOD_MATCH = YES;
				"CODE_SIGN_IDENTITY[sdk=iphoneos*]" = "iPhone Developer";
				COPY_PHASE_STRIP = NO;
				DEBUG_INFORMATION_FORMAT = "dwarf-with-dsym";
				ENABLE_NS_ASSERTIONS = NO;
				ENABLE_STRICT_OBJC_MSGSEND = YES;
				GCC_C_LANGUAGE_STANDARD = gnu99;
				GCC_NO_COMMON_BLOCKS = YES;
				GCC_WARN_64_TO_32_BIT_CONVERSION = YES;
				GCC_WARN_ABOUT_RETURN_TYPE = YES_ERROR;
				GCC_WARN_UNDECLARED_SELECTOR = YES;
				GCC_WARN_UNINITIALIZED_AUTOS = YES_AGGRESSIVE;
				GCC_WARN_UNUSED_FUNCTION = YES;
				GCC_WARN_UNUSED_VARIABLE = YES;
				IPHONEOS_DEPLOYMENT_TARGET = 10.1;
				MTL_ENABLE_DEBUG_INFO = NO;
				SDKROOT = iphoneos;
				TARGETED_DEVICE_FAMILY = "1,2";
				VALIDATE_PRODUCT = YES;
			};
			name = Release;
		};
		AFE34A111DD3ED09002D2AF8 /* Debug */ = {
			isa = XCBuildConfiguration;
			baseConfigurationReference = 03D4AA049680C8613A25F9A9 /* Pods-TestWebKit.debug.xcconfig */;
			buildSettings = {
				ASSETCATALOG_COMPILER_APPICON_NAME = AppIcon;
				CLANG_CXX_LIBRARY = "libc++";
				"CODE_SIGN_IDENTITY[sdk=iphoneos*]" = "iPhone Developer";
				DEVELOPMENT_TEAM = SC33BJMPXV;
				ENABLE_BITCODE = NO;
				FRAMEWORK_SEARCH_PATHS = (
					"$(inherited)",
					"$(PROJECT_DIR)",
				);
				HEADER_SEARCH_PATHS = "$(PROJECT_DIR)/vlc";
				INFOPLIST_FILE = TestWebKit/Info.plist;
				LD_RUNPATH_SEARCH_PATHS = "$(inherited) @executable_path/Frameworks";
				OTHER_CPLUSPLUSFLAGS = "$(OTHER_CFLAGS)";
				PRODUCT_BUNDLE_IDENTIFIER = "edu.ucla.remap.bee.test-webkit";
				PRODUCT_NAME = "$(TARGET_NAME)";
				PROVISIONING_PROFILE = "";
				PROVISIONING_PROFILE_SPECIFIER = "";
			};
			name = Debug;
		};
		AFE34A121DD3ED09002D2AF8 /* Release */ = {
			isa = XCBuildConfiguration;
			baseConfigurationReference = DBF82CEA0B9C5D7BE8D15EDA /* Pods-TestWebKit.release.xcconfig */;
			buildSettings = {
				ASSETCATALOG_COMPILER_APPICON_NAME = AppIcon;
				CLANG_CXX_LIBRARY = "libc++";
				CODE_SIGN_IDENTITY = "iPhone Distribution: Peter Gusev (SC33BJMPXV)";
				"CODE_SIGN_IDENTITY[sdk=iphoneos*]" = "iPhone Developer";
				DEVELOPMENT_TEAM = SC33BJMPXV;
				ENABLE_BITCODE = NO;
				FRAMEWORK_SEARCH_PATHS = (
					"$(inherited)",
					"$(PROJECT_DIR)",
					"$(PROJECT_DIR)/../VLCKit/Headers/Public/",
				);
				HEADER_SEARCH_PATHS = "$(PROJECT_DIR)/vlc";
				INFOPLIST_FILE = TestWebKit/Info.plist;
				LD_RUNPATH_SEARCH_PATHS = "$(inherited) @executable_path/Frameworks";
				ONLY_ACTIVE_ARCH = YES;
				OTHER_CPLUSPLUSFLAGS = "$(OTHER_CFLAGS)";
				PRODUCT_BUNDLE_IDENTIFIER = "edu.ucla.remap.bee.test-webkit";
				PRODUCT_NAME = "$(TARGET_NAME)";
				PROVISIONING_PROFILE = "";
				PROVISIONING_PROFILE_SPECIFIER = "";
			};
			name = Release;
		};
		AFE34A141DD3ED09002D2AF8 /* Debug */ = {
			isa = XCBuildConfiguration;
			buildSettings = {
				BUNDLE_LOADER = "$(TEST_HOST)";
				DEVELOPMENT_TEAM = 6KW3GER39A;
				INFOPLIST_FILE = TestWebKitTests/Info.plist;
				LD_RUNPATH_SEARCH_PATHS = "$(inherited) @executable_path/Frameworks @loader_path/Frameworks";
				PRODUCT_BUNDLE_IDENTIFIER = edu.ucla.remap.TestWebKitTests;
				PRODUCT_NAME = "$(TARGET_NAME)";
				TEST_HOST = "$(BUILT_PRODUCTS_DIR)/TestWebKit.app/TestWebKit";
			};
			name = Debug;
		};
		AFE34A151DD3ED09002D2AF8 /* Release */ = {
			isa = XCBuildConfiguration;
			buildSettings = {
				BUNDLE_LOADER = "$(TEST_HOST)";
				DEVELOPMENT_TEAM = 6KW3GER39A;
				INFOPLIST_FILE = TestWebKitTests/Info.plist;
				LD_RUNPATH_SEARCH_PATHS = "$(inherited) @executable_path/Frameworks @loader_path/Frameworks";
				PRODUCT_BUNDLE_IDENTIFIER = edu.ucla.remap.TestWebKitTests;
				PRODUCT_NAME = "$(TARGET_NAME)";
				TEST_HOST = "$(BUILT_PRODUCTS_DIR)/TestWebKit.app/TestWebKit";
			};
			name = Release;
		};
		AFE34A171DD3ED09002D2AF8 /* Debug */ = {
			isa = XCBuildConfiguration;
			buildSettings = {
				DEVELOPMENT_TEAM = 6KW3GER39A;
				INFOPLIST_FILE = TestWebKitUITests/Info.plist;
				LD_RUNPATH_SEARCH_PATHS = "$(inherited) @executable_path/Frameworks @loader_path/Frameworks";
				PRODUCT_BUNDLE_IDENTIFIER = edu.ucla.remap.TestWebKitUITests;
				PRODUCT_NAME = "$(TARGET_NAME)";
				TEST_TARGET_NAME = TestWebKit;
			};
			name = Debug;
		};
		AFE34A181DD3ED09002D2AF8 /* Release */ = {
			isa = XCBuildConfiguration;
			buildSettings = {
				DEVELOPMENT_TEAM = 6KW3GER39A;
				INFOPLIST_FILE = TestWebKitUITests/Info.plist;
				LD_RUNPATH_SEARCH_PATHS = "$(inherited) @executable_path/Frameworks @loader_path/Frameworks";
				PRODUCT_BUNDLE_IDENTIFIER = edu.ucla.remap.TestWebKitUITests;
				PRODUCT_NAME = "$(TARGET_NAME)";
				TEST_TARGET_NAME = TestWebKit;
			};
			name = Release;
		};
/* End XCBuildConfiguration section */

/* Begin XCConfigurationList section */
		AFE349DE1DD3ED08002D2AF8 /* Build configuration list for PBXProject "TestWebKit" */ = {
			isa = XCConfigurationList;
			buildConfigurations = (
				AFE34A0E1DD3ED09002D2AF8 /* Debug */,
				AFE34A0F1DD3ED09002D2AF8 /* Release */,
			);
			defaultConfigurationIsVisible = 0;
			defaultConfigurationName = Release;
		};
		AFE34A101DD3ED09002D2AF8 /* Build configuration list for PBXNativeTarget "TestWebKit" */ = {
			isa = XCConfigurationList;
			buildConfigurations = (
				AFE34A111DD3ED09002D2AF8 /* Debug */,
				AFE34A121DD3ED09002D2AF8 /* Release */,
			);
			defaultConfigurationIsVisible = 0;
			defaultConfigurationName = Release;
		};
		AFE34A131DD3ED09002D2AF8 /* Build configuration list for PBXNativeTarget "TestWebKitTests" */ = {
			isa = XCConfigurationList;
			buildConfigurations = (
				AFE34A141DD3ED09002D2AF8 /* Debug */,
				AFE34A151DD3ED09002D2AF8 /* Release */,
			);
			defaultConfigurationIsVisible = 0;
			defaultConfigurationName = Release;
		};
		AFE34A161DD3ED09002D2AF8 /* Build configuration list for PBXNativeTarget "TestWebKitUITests" */ = {
			isa = XCConfigurationList;
			buildConfigurations = (
				AFE34A171DD3ED09002D2AF8 /* Debug */,
				AFE34A181DD3ED09002D2AF8 /* Release */,
			);
			defaultConfigurationIsVisible = 0;
			defaultConfigurationName = Release;
		};
/* End XCConfigurationList section */
	};
	rootObject = AFE349DB1DD3ED08002D2AF8 /* Project object */;
}
